
Microsoft Visual Studio Solution File, Format Version 12.00
# Visual Studio Version 17
VisualStudioVersion = 17.3.32929.385
MinimumVisualStudioVersion = 10.0.40219.1
Project("{9A19103F-16F7-4668-BE54-9A1E7A4F7556}") = "MementoDesign", "MementoDesign\MementoDesign.csproj", "{93788665-52F0-4026-ACCF-6941CE082781}"
EndProject
Project("{FAE04EC0-301F-11D3-BF4B-00C04F79EFBC}") = "TemplateMethod", "..\TemplateMethod\TemplateMethod.csproj", "{39E8EDF4-EF61-4946-B8CD-171FADB6187D}"
EndProject
Global
	GlobalSection(SolutionConfigurationPlatforms) = preSolution
		Debug|Any CPU = Debug|Any CPU
		Release|Any CPU = Release|Any CPU
	EndGlobalSection
	GlobalSection(ProjectConfigurationPlatforms) = postSolution
		{93788665-52F0-4026-ACCF-6941CE082781}.Debug|Any CPU.ActiveCfg = Debug|Any CPU
		{93788665-52F0-4026-ACCF-6941CE082781}.Debug|Any CPU.Build.0 = Debug|Any CPU
		{93788665-52F0-4026-ACCF-6941CE082781}.Release|Any CPU.ActiveCfg = Release|Any CPU
		{93788665-52F0-4026-ACCF-6941CE082781}.Release|Any CPU.Build.0 = Release|Any CPU
		{39E8EDF4-EF61-4946-B8CD-171FADB6187D}.Debug|Any CPU.ActiveCfg = Debug|Any CPU
		{39E8EDF4-EF61-4946-B8CD-171FADB6187D}.Debug|Any CPU.Build.0 = Debug|Any CPU
		{39E8EDF4-EF61-4946-B8CD-171FADB6187D}.Release|Any CPU.ActiveCfg = Release|Any CPU
		{39E8EDF4-EF61-4946-B8CD-171FADB6187D}.Release|Any CPU.Build.0 = Release|Any CPU
	EndGlobalSection
	GlobalSection(SolutionProperties) = preSolution
		HideSolutionNode = FALSE
	EndGlobalSection
	GlobalSection(ExtensibilityGlobals) = postSolution
		SolutionGuid = {09C21D65-1DCD-4B62-A05F-A498CECB9485}
	EndGlobalSection
EndGlobal
